// !$*UTF8*$!
{
	archiveVersion = 1;
	classes = {
	};
	objectVersion = 55;
	objects = {

/* Begin PBXBuildFile section */
		CC0E53CF286BACA800388FCE /* ClimaAppApp.swift in Sources */ = {isa = PBXBuildFile; fileRef = CC0E53CE286BACA800388FCE /* ClimaAppApp.swift */; };
		CC0E53D1286BACA800388FCE /* ContentView.swift in Sources */ = {isa = PBXBuildFile; fileRef = CC0E53D0286BACA800388FCE /* ContentView.swift */; };
		CC0E53D3286BACA900388FCE /* Assets.xcassets in Resources */ = {isa = PBXBuildFile; fileRef = CC0E53D2286BACA900388FCE /* Assets.xcassets */; };
		CC0E53D6286BACA900388FCE /* Preview Assets.xcassets in Resources */ = {isa = PBXBuildFile; fileRef = CC0E53D5286BACA900388FCE /* Preview Assets.xcassets */; };
		CC0E53E1286BB5B400388FCE /* WeatherResponseDataModel.swift in Sources */ = {isa = PBXBuildFile; fileRef = CC0E53E0286BB5B400388FCE /* WeatherResponseDataModel.swift */; };
		CC0E53E3286BB75700388FCE /* Weather.swift in Sources */ = {isa = PBXBuildFile; fileRef = CC0E53E2286BB75700388FCE /* Weather.swift */; };
		CC0E53E5286BB82E00388FCE /* Main.swift in Sources */ = {isa = PBXBuildFile; fileRef = CC0E53E4286BB82E00388FCE /* Main.swift */; };
		CC0E53E7286BBB4700388FCE /* Wind.swift in Sources */ = {isa = PBXBuildFile; fileRef = CC0E53E6286BBB4700388FCE /* Wind.swift */; };
		CC0E53E9286BBF3600388FCE /* WeatherViewModel.swift in Sources */ = {isa = PBXBuildFile; fileRef = CC0E53E8286BBF3600388FCE /* WeatherViewModel.swift */; };
		CC3F9118287CA0CC00805F3B /* CustomNavigationBar.swift in Sources */ = {isa = PBXBuildFile; fileRef = CC3F9117287CA0CC00805F3B /* CustomNavigationBar.swift */; };
		CC3F911A287CA3CC00805F3B /* Color Extension.swift in Sources */ = {isa = PBXBuildFile; fileRef = CC3F9119287CA3CC00805F3B /* Color Extension.swift */; };
		CC3F911E287CA62E00805F3B /* CustonNavigationBarContainer.swift in Sources */ = {isa = PBXBuildFile; fileRef = CC3F911D287CA62E00805F3B /* CustonNavigationBarContainer.swift */; };
		CC3F9121287CC62700805F3B /* CardWeather.swift in Sources */ = {isa = PBXBuildFile; fileRef = CC3F9120287CC62700805F3B /* CardWeather.swift */; };
		CC6891E3286CE6A1003262D1 /* WeatherModel.swift in Sources */ = {isa = PBXBuildFile; fileRef = CC6891E2286CE6A1003262D1 /* WeatherModel.swift */; };
		CC6891E5286CE862003262D1 /* WeatherModelMapper.swift in Sources */ = {isa = PBXBuildFile; fileRef = CC6891E4286CE862003262D1 /* WeatherModelMapper.swift */; };
		CC6891E7286CEF24003262D1 /* Sys.swift in Sources */ = {isa = PBXBuildFile; fileRef = CC6891E6286CEF24003262D1 /* Sys.swift */; };
/* End PBXBuildFile section */

/* Begin PBXFileReference section */
		CC0E53CB286BACA800388FCE /* ClimaApp.app */ = {isa = PBXFileReference; explicitFileType = wrapper.application; includeInIndex = 0; path = ClimaApp.app; sourceTree = BUILT_PRODUCTS_DIR; };
		CC0E53CE286BACA800388FCE /* ClimaAppApp.swift */ = {isa = PBXFileReference; lastKnownFileType = sourcecode.swift; path = ClimaAppApp.swift; sourceTree = "<group>"; };
		CC0E53D0286BACA800388FCE /* ContentView.swift */ = {isa = PBXFileReference; lastKnownFileType = sourcecode.swift; path = ContentView.swift; sourceTree = "<group>"; };
		CC0E53D2286BACA900388FCE /* Assets.xcassets */ = {isa = PBXFileReference; lastKnownFileType = folder.assetcatalog; path = Assets.xcassets; sourceTree = "<group>"; };
		CC0E53D5286BACA900388FCE /* Preview Assets.xcassets */ = {isa = PBXFileReference; lastKnownFileType = folder.assetcatalog; path = "Preview Assets.xcassets"; sourceTree = "<group>"; };
		CC0E53E0286BB5B400388FCE /* WeatherResponseDataModel.swift */ = {isa = PBXFileReference; lastKnownFileType = sourcecode.swift; path = WeatherResponseDataModel.swift; sourceTree = "<group>"; };
		CC0E53E2286BB75700388FCE /* Weather.swift */ = {isa = PBXFileReference; lastKnownFileType = sourcecode.swift; path = Weather.swift; sourceTree = "<group>"; };
		CC0E53E4286BB82E00388FCE /* Main.swift */ = {isa = PBXFileReference; lastKnownFileType = sourcecode.swift; path = Main.swift; sourceTree = "<group>"; };
		CC0E53E6286BBB4700388FCE /* Wind.swift */ = {isa = PBXFileReference; lastKnownFileType = sourcecode.swift; path = Wind.swift; sourceTree = "<group>"; };
		CC0E53E8286BBF3600388FCE /* WeatherViewModel.swift */ = {isa = PBXFileReference; lastKnownFileType = sourcecode.swift; path = WeatherViewModel.swift; sourceTree = "<group>"; };
		CC3F9117287CA0CC00805F3B /* CustomNavigationBar.swift */ = {isa = PBXFileReference; lastKnownFileType = sourcecode.swift; path = CustomNavigationBar.swift; sourceTree = "<group>"; };
		CC3F9119287CA3CC00805F3B /* Color Extension.swift */ = {isa = PBXFileReference; lastKnownFileType = sourcecode.swift; path = "Color Extension.swift"; sourceTree = "<group>"; };
		CC3F911D287CA62E00805F3B /* CustonNavigationBarContainer.swift */ = {isa = PBXFileReference; lastKnownFileType = sourcecode.swift; path = CustonNavigationBarContainer.swift; sourceTree = "<group>"; };
		CC3F9120287CC62700805F3B /* CardWeather.swift */ = {isa = PBXFileReference; lastKnownFileType = sourcecode.swift; path = CardWeather.swift; sourceTree = "<group>"; };
		CC6891E2286CE6A1003262D1 /* WeatherModel.swift */ = {isa = PBXFileReference; lastKnownFileType = sourcecode.swift; path = WeatherModel.swift; sourceTree = "<group>"; };
		CC6891E4286CE862003262D1 /* WeatherModelMapper.swift */ = {isa = PBXFileReference; lastKnownFileType = sourcecode.swift; path = WeatherModelMapper.swift; sourceTree = "<group>"; };
		CC6891E6286CEF24003262D1 /* Sys.swift */ = {isa = PBXFileReference; lastKnownFileType = sourcecode.swift; path = Sys.swift; sourceTree = "<group>"; };
/* End PBXFileReference section */

/* Begin PBXFrameworksBuildPhase section */
		CC0E53C8286BACA800388FCE /* Frameworks */ = {
			isa = PBXFrameworksBuildPhase;
			buildActionMask = 2147483647;
			files = (
			);
			runOnlyForDeploymentPostprocessing = 0;
		};
/* End PBXFrameworksBuildPhase section */

/* Begin PBXGroup section */
		CC0E53C2286BACA800388FCE = {
			isa = PBXGroup;
			children = (
				CC0E53CD286BACA800388FCE /* ClimaApp */,
				CC0E53CC286BACA800388FCE /* Products */,
			);
			sourceTree = "<group>";
		};
		CC0E53CC286BACA800388FCE /* Products */ = {
			isa = PBXGroup;
			children = (
				CC0E53CB286BACA800388FCE /* ClimaApp.app */,
			);
			name = Products;
			sourceTree = "<group>";
		};
		CC0E53CD286BACA800388FCE /* ClimaApp */ = {
			isa = PBXGroup;
			children = (
				CC6891E8286D158A003262D1 /* APP */,
				CC0E53DF286BAD5D00388FCE /* Utils */,
				CC0E53DE286BAD5400388FCE /* View */,
				CC0E53DD286BAD4A00388FCE /* ViewModel */,
				CC0E53DC286BAD3900388FCE /* Model */,
				CC0E53D4286BACA900388FCE /* Preview Content */,
			);
			path = ClimaApp;
			sourceTree = "<group>";
		};
		CC0E53D4286BACA900388FCE /* Preview Content */ = {
			isa = PBXGroup;
			children = (
				CC0E53D5286BACA900388FCE /* Preview Assets.xcassets */,
			);
			path = "Preview Content";
			sourceTree = "<group>";
		};
		CC0E53DC286BAD3900388FCE /* Model */ = {
			isa = PBXGroup;
			children = (
				CC0E53E0286BB5B400388FCE /* WeatherResponseDataModel.swift */,
				CC0E53E6286BBB4700388FCE /* Wind.swift */,
				CC0E53E4286BB82E00388FCE /* Main.swift */,
				CC0E53E2286BB75700388FCE /* Weather.swift */,
				CC6891E2286CE6A1003262D1 /* WeatherModel.swift */,
				CC6891E4286CE862003262D1 /* WeatherModelMapper.swift */,
				CC6891E6286CEF24003262D1 /* Sys.swift */,
			);
			path = Model;
			sourceTree = "<group>";
		};
		CC0E53DD286BAD4A00388FCE /* ViewModel */ = {
			isa = PBXGroup;
			children = (
				CC0E53E8286BBF3600388FCE /* WeatherViewModel.swift */,
			);
			path = ViewModel;
			sourceTree = "<group>";
		};
		CC0E53DE286BAD5400388FCE /* View */ = {
			isa = PBXGroup;
			children = (
				CC3F9114287CA03000805F3B /* Components */,
				CC0E53D0286BACA800388FCE /* ContentView.swift */,
			);
			path = View;
			sourceTree = "<group>";
		};
		CC0E53DF286BAD5D00388FCE /* Utils */ = {
			isa = PBXGroup;
			children = (
				CC3F9119287CA3CC00805F3B /* Color Extension.swift */,
			);
			path = Utils;
			sourceTree = "<group>";
		};
		CC3F9114287CA03000805F3B /* Components */ = {
			isa = PBXGroup;
			children = (
				CC3F911F287CC5E000805F3B /* Navigation */,
				CC3F9120287CC62700805F3B /* CardWeather.swift */,
			);
			path = Components;
			sourceTree = "<group>";
		};
		CC3F911F287CC5E000805F3B /* Navigation */ = {
			isa = PBXGroup;
			children = (
				CC3F9117287CA0CC00805F3B /* CustomNavigationBar.swift */,
				CC3F911D287CA62E00805F3B /* CustonNavigationBarContainer.swift */,
			);
			path = Navigation;
			sourceTree = "<group>";
		};
		CC6891E8286D158A003262D1 /* APP */ = {
			isa = PBXGroup;
			children = (
				CC0E53CE286BACA800388FCE /* ClimaAppApp.swift */,
				CC0E53D2286BACA900388FCE /* Assets.xcassets */,
			);
			path = APP;
			sourceTree = "<group>";
		};
/* End PBXGroup section */

/* Begin PBXNativeTarget section */
		CC0E53CA286BACA800388FCE /* ClimaApp */ = {
			isa = PBXNativeTarget;
			buildConfigurationList = CC0E53D9286BACA900388FCE /* Build configuration list for PBXNativeTarget "ClimaApp" */;
			buildPhases = (
				CC0E53C7286BACA800388FCE /* Sources */,
				CC0E53C8286BACA800388FCE /* Frameworks */,
				CC0E53C9286BACA800388FCE /* Resources */,
			);
			buildRules = (
			);
			dependencies = (
			);
			name = ClimaApp;
			productName = ClimaApp;
			productReference = CC0E53CB286BACA800388FCE /* ClimaApp.app */;
			productType = "com.apple.product-type.application";
		};
/* End PBXNativeTarget section */

/* Begin PBXProject section */
		CC0E53C3286BACA800388FCE /* Project object */ = {
			isa = PBXProject;
			attributes = {
				BuildIndependentTargetsInParallel = 1;
				LastSwiftUpdateCheck = 1340;
				LastUpgradeCheck = 1340;
				TargetAttributes = {
					CC0E53CA286BACA800388FCE = {
						CreatedOnToolsVersion = 13.4.1;
					};
				};
			};
			buildConfigurationList = CC0E53C6286BACA800388FCE /* Build configuration list for PBXProject "ClimaApp" */;
			compatibilityVersion = "Xcode 13.0";
			developmentRegion = en;
			hasScannedForEncodings = 0;
			knownRegions = (
				en,
				Base,
			);
			mainGroup = CC0E53C2286BACA800388FCE;
			productRefGroup = CC0E53CC286BACA800388FCE /* Products */;
			projectDirPath = "";
			projectRoot = "";
			targets = (
				CC0E53CA286BACA800388FCE /* ClimaApp */,
			);
		};
/* End PBXProject section */

/* Begin PBXResourcesBuildPhase section */
		CC0E53C9286BACA800388FCE /* Resources */ = {
			isa = PBXResourcesBuildPhase;
			buildActionMask = 2147483647;
			files = (
				CC0E53D6286BACA900388FCE /* Preview Assets.xcassets in Resources */,
				CC0E53D3286BACA900388FCE /* Assets.xcassets in Resources */,
			);
			runOnlyForDeploymentPostprocessing = 0;
		};
/* End PBXResourcesBuildPhase section */

/* Begin PBXSourcesBuildPhase section */
		CC0E53C7286BACA800388FCE /* Sources */ = {
			isa = PBXSourcesBuildPhase;
			buildActionMask = 2147483647;
			files = (
				CC3F9118287CA0CC00805F3B /* CustomNavigationBar.swift in Sources */,
				CC3F911E287CA62E00805F3B /* CustonNavigationBarContainer.swift in Sources */,
				CC0E53E5286BB82E00388FCE /* Main.swift in Sources */,
				CC0E53E3286BB75700388FCE /* Weather.swift in Sources */,
				CC3F9121287CC62700805F3B /* CardWeather.swift in Sources */,
				CC6891E5286CE862003262D1 /* WeatherModelMapper.swift in Sources */,
				CC0E53D1286BACA800388FCE /* ContentView.swift in Sources */,
				CC0E53E9286BBF3600388FCE /* WeatherViewModel.swift in Sources */,
				CC6891E7286CEF24003262D1 /* Sys.swift in Sources */,
				CC0E53CF286BACA800388FCE /* ClimaAppApp.swift in Sources */,
				CC3F911A287CA3CC00805F3B /* Color Extension.swift in Sources */,
				CC0E53E1286BB5B400388FCE /* WeatherResponseDataModel.swift in Sources */,
				CC6891E3286CE6A1003262D1 /* WeatherModel.swift in Sources */,
				CC0E53E7286BBB4700388FCE /* Wind.swift in Sources */,
			);
			runOnlyForDeploymentPostprocessing = 0;
		};
/* End PBXSourcesBuildPhase section */

/* Begin XCBuildConfiguration section */
		CC0E53D7286BACA900388FCE /* Debug */ = {
			isa = XCBuildConfiguration;
			buildSettings = {
				ALWAYS_SEARCH_USER_PATHS = NO;
				CLANG_ANALYZER_NONNULL = YES;
				CLANG_ANALYZER_NUMBER_OBJECT_CONVERSION = YES_AGGRESSIVE;
				CLANG_CXX_LANGUAGE_STANDARD = "gnu++17";
				CLANG_ENABLE_MODULES = YES;
				CLANG_ENABLE_OBJC_ARC = YES;
				CLANG_ENABLE_OBJC_WEAK = YES;
				CLANG_WARN_BLOCK_CAPTURE_AUTORELEASING = YES;
				CLANG_WARN_BOOL_CONVERSION = YES;
				CLANG_WARN_COMMA = YES;
				CLANG_WARN_CONSTANT_CONVERSION = YES;
				CLANG_WARN_DEPRECATED_OBJC_IMPLEMENTATIONS = YES;
				CLANG_WARN_DIRECT_OBJC_ISA_USAGE = YES_ERROR;
				CLANG_WARN_DOCUMENTATION_COMMENTS = YES;
				CLANG_WARN_EMPTY_BODY = YES;
				CLANG_WARN_ENUM_CONVERSION = YES;
				CLANG_WARN_INFINITE_RECURSION = YES;
				CLANG_WARN_INT_CONVERSION = YES;
				CLANG_WARN_NON_LITERAL_NULL_CONVERSION = YES;
				CLANG_WARN_OBJC_IMPLICIT_RETAIN_SELF = YES;
				CLANG_WARN_OBJC_LITERAL_CONVERSION = YES;
				CLANG_WARN_OBJC_ROOT_CLASS = YES_ERROR;
				CLANG_WARN_QUOTED_INCLUDE_IN_FRAMEWORK_HEADER = YES;
				CLANG_WARN_RANGE_LOOP_ANALYSIS = YES;
				CLANG_WARN_STRICT_PROTOTYPES = YES;
				CLANG_WARN_SUSPICIOUS_MOVE = YES;
				CLANG_WARN_UNGUARDED_AVAILABILITY = YES_AGGRESSIVE;
				CLANG_WARN_UNREACHABLE_CODE = YES;
				CLANG_WARN__DUPLICATE_METHOD_MATCH = YES;
				COPY_PHASE_STRIP = NO;
				DEBUG_INFORMATION_FORMAT = dwarf;
				ENABLE_STRICT_OBJC_MSGSEND = YES;
				ENABLE_TESTABILITY = YES;
				GCC_C_LANGUAGE_STANDARD = gnu11;
				GCC_DYNAMIC_NO_PIC = NO;
				GCC_NO_COMMON_BLOCKS = YES;
				GCC_OPTIMIZATION_LEVEL = 0;
				GCC_PREPROCESSOR_DEFINITIONS = (
					"DEBUG=1",
					"$(inherited)",
				);
				GCC_WARN_64_TO_32_BIT_CONVERSION = YES;
				GCC_WARN_ABOUT_RETURN_TYPE = YES_ERROR;
				GCC_WARN_UNDECLARED_SELECTOR = YES;
				GCC_WARN_UNINITIALIZED_AUTOS = YES_AGGRESSIVE;
				GCC_WARN_UNUSED_FUNCTION = YES;
				GCC_WARN_UNUSED_VARIABLE = YES;
				IPHONEOS_DEPLOYMENT_TARGET = 15.5;
				MTL_ENABLE_DEBUG_INFO = INCLUDE_SOURCE;
				MTL_FAST_MATH = YES;
				ONLY_ACTIVE_ARCH = YES;
				SDKROOT = iphoneos;
				SWIFT_ACTIVE_COMPILATION_CONDITIONS = DEBUG;
				SWIFT_OPTIMIZATION_LEVEL = "-Onone";
			};
			name = Debug;
		};
		CC0E53D8286BACA900388FCE /* Release */ = {
			isa = XCBuildConfiguration;
			buildSettings = {
				ALWAYS_SEARCH_USER_PATHS = NO;
				CLANG_ANALYZER_NONNULL = YES;
				CLANG_ANALYZER_NUMBER_OBJECT_CONVERSION = YES_AGGRESSIVE;
				CLANG_CXX_LANGUAGE_STANDARD = "gnu++17";
				CLANG_ENABLE_MODULES = YES;
				CLANG_ENABLE_OBJC_ARC = YES;
				CLANG_ENABLE_OBJC_WEAK = YES;
				CLANG_WARN_BLOCK_CAPTURE_AUTORELEASING = YES;
				CLANG_WARN_BOOL_CONVERSION = YES;
				CLANG_WARN_COMMA = YES;
				CLANG_WARN_CONSTANT_CONVERSION = YES;
				CLANG_WARN_DEPRECATED_OBJC_IMPLEMENTATIONS = YES;
				CLANG_WARN_DIRECT_OBJC_ISA_USAGE = YES_ERROR;
				CLANG_WARN_DOCUMENTATION_COMMENTS = YES;
				CLANG_WARN_EMPTY_BODY = YES;
				CLANG_WARN_ENUM_CONVERSION = YES;
				CLANG_WARN_INFINITE_RECURSION = YES;
				CLANG_WARN_INT_CONVERSION = YES;
				CLANG_WARN_NON_LITERAL_NULL_CONVERSION = YES;
				CLANG_WARN_OBJC_IMPLICIT_RETAIN_SELF = YES;
				CLANG_WARN_OBJC_LITERAL_CONVERSION = YES;
				CLANG_WARN_OBJC_ROOT_CLASS = YES_ERROR;
				CLANG_WARN_QUOTED_INCLUDE_IN_FRAMEWORK_HEADER = YES;
				CLANG_WARN_RANGE_LOOP_ANALYSIS = YES;
				CLANG_WARN_STRICT_PROTOTYPES = YES;
				CLANG_WARN_SUSPICIOUS_MOVE = YES;
				CLANG_WARN_UNGUARDED_AVAILABILITY = YES_AGGRESSIVE;
				CLANG_WARN_UNREACHABLE_CODE = YES;
				CLANG_WARN__DUPLICATE_METHOD_MATCH = YES;
				COPY_PHASE_STRIP = NO;
				DEBUG_INFORMATION_FORMAT = "dwarf-with-dsym";
				ENABLE_NS_ASSERTIONS = NO;
				ENABLE_STRICT_OBJC_MSGSEND = YES;
				GCC_C_LANGUAGE_STANDARD = gnu11;
				GCC_NO_COMMON_BLOCKS = YES;
				GCC_WARN_64_TO_32_BIT_CONVERSION = YES;
				GCC_WARN_ABOUT_RETURN_TYPE = YES_ERROR;
				GCC_WARN_UNDECLARED_SELECTOR = YES;
				GCC_WARN_UNINITIALIZED_AUTOS = YES_AGGRESSIVE;
				GCC_WARN_UNUSED_FUNCTION = YES;
				GCC_WARN_UNUSED_VARIABLE = YES;
				IPHONEOS_DEPLOYMENT_TARGET = 15.5;
				MTL_ENABLE_DEBUG_INFO = NO;
				MTL_FAST_MATH = YES;
				SDKROOT = iphoneos;
				SWIFT_COMPILATION_MODE = wholemodule;
				SWIFT_OPTIMIZATION_LEVEL = "-O";
				VALIDATE_PRODUCT = YES;
			};
			name = Release;
		};
		CC0E53DA286BACA900388FCE /* Debug */ = {
			isa = XCBuildConfiguration;
			buildSettings = {
				ASSETCATALOG_COMPILER_APPICON_NAME = AppIcon;
				ASSETCATALOG_COMPILER_GLOBAL_ACCENT_COLOR_NAME = AccentColor;
				CODE_SIGN_STYLE = Automatic;
				CURRENT_PROJECT_VERSION = 1;
				DEVELOPMENT_ASSET_PATHS = "\"ClimaApp/Preview Content\"";
				DEVELOPMENT_TEAM = 7BU6L2YRP3;
				ENABLE_PREVIEWS = YES;
				GENERATE_INFOPLIST_FILE = YES;
				INFOPLIST_KEY_NSLocationWhenInUseUsageDescription = "Se requiere la localizacion para darle informacion del clima en su ubicacion actual+";
				INFOPLIST_KEY_UIApplicationSceneManifest_Generation = YES;
				INFOPLIST_KEY_UIApplicationSupportsIndirectInputEvents = YES;
				INFOPLIST_KEY_UILaunchScreen_Generation = YES;
				INFOPLIST_KEY_UISupportedInterfaceOrientations_iPad = "UIInterfaceOrientationPortrait UIInterfaceOrientationPortraitUpsideDown UIInterfaceOrientationLandscapeLeft UIInterfaceOrientationLandscapeRight";
				INFOPLIST_KEY_UISupportedInterfaceOrientations_iPhone = "UIInterfaceOrientationPortrait UIInterfaceOrientationLandscapeLeft UIInterfaceOrientationLandscapeRight";
				LD_RUNPATH_SEARCH_PATHS = (
					"$(inherited)",
					"@executable_path/Frameworks",
				);
				MARKETING_VERSION = 1.0;
				PRODUCT_BUNDLE_IDENTIFIER = maxezio.com.ClimaApp;
				PRODUCT_NAME = "$(TARGET_NAME)";
				SWIFT_EMIT_LOC_STRINGS = YES;
				SWIFT_VERSION = 5.0;
				TARGETED_DEVICE_FAMILY = "1,2";
			};
			name = Debug;
		};
		CC0E53DB286BACA900388FCE /* Release */ = {
			isa = XCBuildConfiguration;
			buildSettings = {
				ASSETCATALOG_COMPILER_APPICON_NAME = AppIcon;
				ASSETCATALOG_COMPILER_GLOBAL_ACCENT_COLOR_NAME = AccentColor;
				CODE_SIGN_STYLE = Automatic;
				CURRENT_PROJECT_VERSION = 1;
				DEVELOPMENT_ASSET_PATHS = "\"ClimaApp/Preview Content\"";
				DEVELOPMENT_TEAM = 7BU6L2YRP3;
				ENABLE_PREVIEWS = YES;
				GENERATE_INFOPLIST_FILE = YES;
				INFOPLIST_KEY_NSLocationWhenInUseUsageDescription = "Se requiere la localizacion para darle informacion del clima en su ubicacion actual+";
				INFOPLIST_KEY_UIApplicationSceneManifest_Generation = YES;
				INFOPLIST_KEY_UIApplicationSupportsIndirectInputEvents = YES;
				INFOPLIST_KEY_UILaunchScreen_Generation = YES;
				INFOPLIST_KEY_UISupportedInterfaceOrientations_iPad = "UIInterfaceOrientationPortrait UIInterfaceOrientationPortraitUpsideDown UIInterfaceOrientationLandscapeLeft UIInterfaceOrientationLandscapeRight";
				INFOPLIST_KEY_UISupportedInterfaceOrientations_iPhone = "UIInterfaceOrientationPortrait UIInterfaceOrientationLandscapeLeft UIInterfaceOrientationLandscapeRight";
				LD_RUNPATH_SEARCH_PATHS = (
					"$(inherited)",
					"@executable_path/Frameworks",
				);
				MARKETING_VERSION = 1.0;
				PRODUCT_BUNDLE_IDENTIFIER = maxezio.com.ClimaApp;
				PRODUCT_NAME = "$(TARGET_NAME)";
				SWIFT_EMIT_LOC_STRINGS = YES;
				SWIFT_VERSION = 5.0;
				TARGETED_DEVICE_FAMILY = "1,2";
			};
			name = Release;
		};
/* End XCBuildConfiguration section */

/* Begin XCConfigurationList section */
		CC0E53C6286BACA800388FCE /* Build configuration list for PBXProject "ClimaApp" */ = {
			isa = XCConfigurationList;
			buildConfigurations = (
				CC0E53D7286BACA900388FCE /* Debug */,
				CC0E53D8286BACA900388FCE /* Release */,
			);
			defaultConfigurationIsVisible = 0;
			defaultConfigurationName = Release;
		};
		CC0E53D9286BACA900388FCE /* Build configuration list for PBXNativeTarget "ClimaApp" */ = {
			isa = XCConfigurationList;
			buildConfigurations = (
				CC0E53DA286BACA900388FCE /* Debug */,
				CC0E53DB286BACA900388FCE /* Release */,
			);
			defaultConfigurationIsVisible = 0;
			defaultConfigurationName = Release;
		};
/* End XCConfigurationList section */
	};
	rootObject = CC0E53C3286BACA800388FCE /* Project object */;
}
